
Microsoft Visual Studio Solution File, Format Version 12.00
# Visual Studio 15
VisualStudioVersion = 15.0.28307.136
MinimumVisualStudioVersion = 10.0.40219.1
Project("{888888A0-9F3D-457C-B088-3A5042F75D52}") = "PyGwent", "PyGwent\PyGwent.pyproj", "{5823BBF4-5170-40EA-A009-3AB7BFA25C3C}"
EndProject
Global
	GlobalSection(SolutionConfigurationPlatforms) = preSolution
		Debug|Any CPU = Debug|Any CPU
		Release|Any CPU = Release|Any CPU
	EndGlobalSection
	GlobalSection(ProjectConfigurationPlatforms) = postSolution
		{5823BBF4-5170-40EA-A009-3AB7BFA25C3C}.Debug|Any CPU.ActiveCfg = Debug|Any CPU
		{5823BBF4-5170-40EA-A009-3AB7BFA25C3C}.Release|Any CPU.ActiveCfg = Release|Any CPU
	EndGlobalSection
	GlobalSection(SolutionProperties) = preSolution
		HideSolutionNode = FALSE
	EndGlobalSection
	GlobalSection(ExtensibilityGlobals) = postSolution
		SolutionGuid = {7CC64ABC-C5FB-4BAD-A8CC-6C348C94DE24}
	EndGlobalSection
EndGlobal
